
Microsoft Visual Studio Solution File, Format Version 12.00
# Visual Studio Version 17
VisualStudioVersion = 17.1.32421.90
MinimumVisualStudioVersion = 10.0.40219.1
Project("{FAE04EC0-301F-11D3-BF4B-00C04F79EFBC}") = "Kafe Otomasyonu", "Kafe Otomasyonu\Kafe Otomasyonu.csproj", "{5D183747-4026-4254-99D8-C7CAD857EFCF}"
EndProject
Global
	GlobalSection(SolutionConfigurationPlatforms) = preSolution
		Debug|Any CPU = Debug|Any CPU
		Release|Any CPU = Release|Any CPU
	EndGlobalSection
	GlobalSection(ProjectConfigurationPlatforms) = postSolution
		{5D183747-4026-4254-99D8-C7CAD857EFCF}.Debug|Any CPU.ActiveCfg = Debug|Any CPU
		{5D183747-4026-4254-99D8-C7CAD857EFCF}.Debug|Any CPU.Build.0 = Debug|Any CPU
		{5D183747-4026-4254-99D8-C7CAD857EFCF}.Release|Any CPU.ActiveCfg = Release|Any CPU
		{5D183747-4026-4254-99D8-C7CAD857EFCF}.Release|Any CPU.Build.0 = Release|Any CPU
	EndGlobalSection
	GlobalSection(SolutionProperties) = preSolution
		HideSolutionNode = FALSE
	EndGlobalSection
	GlobalSection(ExtensibilityGlobals) = postSolution
		SolutionGuid = {56551AE1-229F-4387-9A0B-890007E10E4C}
	EndGlobalSection
EndGlobal
